
Microsoft Visual Studio Solution File, Format Version 12.00
# Visual Studio 15
VisualStudioVersion = 15.0.28307.539
MinimumVisualStudioVersion = 10.0.40219.1
Project("{FAE04EC0-301F-11D3-BF4B-00C04F79EFBC}") = "MongoDbTestApp", "MongoDbTestApp\MongoDbTestApp.csproj", "{F9611A0B-D1DA-479F-AD72-8A3F67647BB6}"
EndProject
Global
	GlobalSection(SolutionConfigurationPlatforms) = preSolution
		Debug|Any CPU = Debug|Any CPU
		Release|Any CPU = Release|Any CPU
	EndGlobalSection
	GlobalSection(ProjectConfigurationPlatforms) = postSolution
		{F9611A0B-D1DA-479F-AD72-8A3F67647BB6}.Debug|Any CPU.ActiveCfg = Debug|Any CPU
		{F9611A0B-D1DA-479F-AD72-8A3F67647BB6}.Debug|Any CPU.Build.0 = Debug|Any CPU
		{F9611A0B-D1DA-479F-AD72-8A3F67647BB6}.Release|Any CPU.ActiveCfg = Release|Any CPU
		{F9611A0B-D1DA-479F-AD72-8A3F67647BB6}.Release|Any CPU.Build.0 = Release|Any CPU
	EndGlobalSection
	GlobalSection(SolutionProperties) = preSolution
		HideSolutionNode = FALSE
	EndGlobalSection
	GlobalSection(ExtensibilityGlobals) = postSolution
		SolutionGuid = {8D0EA59F-57D0-4C3A-85B0-1272EDC44E30}
	EndGlobalSection
EndGlobal
